
Microsoft Visual Studio Solution File, Format Version 12.00
# Visual Studio Version 17
VisualStudioVersion = 17.8.34322.80
MinimumVisualStudioVersion = 10.0.40219.1
Project("{FAE04EC0-301F-11D3-BF4B-00C04F79EFBC}") = "PatikaWeek4Homework4", "PatikaWeek4Homework4\PatikaWeek4Homework4.csproj", "{4AD0BAF3-5A5F-41AC-856B-8159090C6ADF}"
EndProject
Global
	GlobalSection(SolutionConfigurationPlatforms) = preSolution
		Debug|Any CPU = Debug|Any CPU
		Release|Any CPU = Release|Any CPU
	EndGlobalSection
	GlobalSection(ProjectConfigurationPlatforms) = postSolution
		{4AD0BAF3-5A5F-41AC-856B-8159090C6ADF}.Debug|Any CPU.ActiveCfg = Debug|Any CPU
		{4AD0BAF3-5A5F-41AC-856B-8159090C6ADF}.Debug|Any CPU.Build.0 = Debug|Any CPU
		{4AD0BAF3-5A5F-41AC-856B-8159090C6ADF}.Release|Any CPU.ActiveCfg = Release|Any CPU
		{4AD0BAF3-5A5F-41AC-856B-8159090C6ADF}.Release|Any CPU.Build.0 = Release|Any CPU
	EndGlobalSection
	GlobalSection(SolutionProperties) = preSolution
		HideSolutionNode = FALSE
	EndGlobalSection
	GlobalSection(ExtensibilityGlobals) = postSolution
		SolutionGuid = {BD4CF0A1-2C88-4ED0-9429-ED5C7E8AAAA3}
	EndGlobalSection
EndGlobal
